<?xml version="1.0" encoding="utf-8"?>
<Project ToolsVersion="4.0" xmlns="http://schemas.microsoft.com/developer/msbuild/2003">
  <ItemGroup>
    <Filter Include="pch">
      <UniqueIdentifier>{809C880B-ECA5-887C-7521-9F7CE129947C}</UniqueIdentifier>
    </Filter>
    <Filter Include="src">
      <UniqueIdentifier>{2DAB880B-99B4-887C-2230-9F7C8E38947C}</UniqueIdentifier>
    </Filter>
    <Filter Include="src\Core">
      <UniqueIdentifier>{A5D31CCF-91A0-77DA-BAB9-6582A6E5AC68}</UniqueIdentifier>
    </Filter>
  </ItemGroup>
  <ItemGroup>
    <ClInclude Include="pch\pch.h">
      <Filter>pch</Filter>
    </ClInclude>
    <ClInclude Include="src\Core\Core.h">
      <Filter>src\Core</Filter>
    </ClInclude>
  </ItemGroup>
  <ItemGroup>
    <ClCompile Include="pch\pch.cpp">
      <Filter>pch</Filter>
    </ClCompile>
    <ClCompile Include="src\Core\Core.cpp">
      <Filter>src\Core</Filter>
    </ClCompile>
  </ItemGroup>
</Project>