<?xml version="1.0" encoding="utf-8"?>
<Project ToolsVersion="4.0" xmlns="http://schemas.microsoft.com/developer/msbuild/2003">
  <ItemGroup>
    <Filter Include="pch">
      <UniqueIdentifier>{809C880B-ECA5-887C-7521-9F7CE129947C}</UniqueIdentifier>
    </Filter>
    <Filter Include="src">
      <UniqueIdentifier>{2DAB880B-99B4-887C-2230-9F7C8E38947C}</UniqueIdentifier>
    </Filter>
    <Filter Include="src\Nkentseu">
      <UniqueIdentifier>{C9AF74C8-B512-046D-5E98-3C234ADACFEF}</UniqueIdentifier>
    </Filter>
  </ItemGroup>
  <ItemGroup>
    <ClInclude Include="pch\pch.h">
      <Filter>pch</Filter>
    </ClInclude>
    <ClInclude Include="src\Nkentseu\Nkentseu.h">
      <Filter>src\Nkentseu</Filter>
    </ClInclude>
  </ItemGroup>
  <ItemGroup>
    <ClCompile Include="pch\pch.cpp">
      <Filter>pch</Filter>
    </ClCompile>
    <ClCompile Include="src\Nkentseu\Nkentseu.cpp">
      <Filter>src\Nkentseu</Filter>
    </ClCompile>
  </ItemGroup>
</Project>